
Microsoft Visual Studio Solution File, Format Version 12.00
# Visual Studio Version 16
VisualStudioVersion = 16.0.30225.117
MinimumVisualStudioVersion = 10.0.40219.1
Project("{FAE04EC0-301F-11D3-BF4B-00C04F79EFBC}") = "filencry", "filencry.csproj", "{19293012-0431-4939-B156-A3D99D374E30}"
EndProject
Global
	GlobalSection(SolutionConfigurationPlatforms) = preSolution
		Debug|Any CPU = Debug|Any CPU
		Release|Any CPU = Release|Any CPU
	EndGlobalSection
	GlobalSection(ProjectConfigurationPlatforms) = postSolution
		{19293012-0431-4939-B156-A3D99D374E30}.Debug|Any CPU.ActiveCfg = Debug|Any CPU
		{19293012-0431-4939-B156-A3D99D374E30}.Debug|Any CPU.Build.0 = Debug|Any CPU
		{19293012-0431-4939-B156-A3D99D374E30}.Release|Any CPU.ActiveCfg = Release|Any CPU
		{19293012-0431-4939-B156-A3D99D374E30}.Release|Any CPU.Build.0 = Release|Any CPU
	EndGlobalSection
	GlobalSection(SolutionProperties) = preSolution
		HideSolutionNode = FALSE
	EndGlobalSection
	GlobalSection(ExtensibilityGlobals) = postSolution
		SolutionGuid = {CC0B4A44-8F78-4EDC-BCC9-5A3168FBF03E}
	EndGlobalSection
EndGlobal
